
Microsoft Visual Studio Solution File, Format Version 12.00
# Visual Studio Version 18
VisualStudioVersion = 18.0.11121.172
MinimumVisualStudioVersion = 10.0.40219.1
Project("{2150E333-8FDC-42A3-9474-1A3956D46DE8}") = "ContaService", "ContaService", "{F5BE534D-44E4-D8B6-B86E-8B018C1927A2}"
EndProject
Project("{FAE04EC0-301F-11D3-BF4B-00C04F79EFBC}") = "Conta.Domain", "ContaService\Conta.Domain\Conta.Domain.csproj", "{F5C88567-1F2A-45BD-B3E4-838075B8E7D5}"
EndProject
Project("{FAE04EC0-301F-11D3-BF4B-00C04F79EFBC}") = "Conta.Infrastructure", "ContaService\Conta.Infrastructure\Conta.Infrastructure.csproj", "{6F3AC373-EDB7-4157-A5D6-976952953584}"
EndProject
Project("{2150E333-8FDC-42A3-9474-1A3956D46DE8}") = "TransferenciaService", "TransferenciaService", "{C6C00C93-5B2D-AFFB-AD12-7F51A81ADE04}"
EndProject
Project("{FAE04EC0-301F-11D3-BF4B-00C04F79EFBC}") = "Transferencia.Application", "TransferenciaService\Transferencia.Application\Transferencia.Application.csproj", "{B63D4929-E42A-4064-A6D4-783659DBFA2E}"
EndProject
Project("{FAE04EC0-301F-11D3-BF4B-00C04F79EFBC}") = "Transferencia.Domain", "TransferenciaService\Transferencia.Domain\Transferencia.Domain.csproj", "{ABB725C2-554A-4291-BDEF-69B60FE5F766}"
EndProject
Project("{FAE04EC0-301F-11D3-BF4B-00C04F79EFBC}") = "Transferencia.Infrastructure", "TransferenciaService\Transferencia.Infrastructure\Transferencia.Infrastructure.csproj", "{98423A0A-79C3-4E0A-9973-EB17DC893398}"
EndProject
Project("{2150E333-8FDC-42A3-9474-1A3956D46DE8}") = "UsuarioService", "UsuarioService", "{F37540AC-5D49-F9C1-EE06-770AC84CD89A}"
EndProject
Project("{FAE04EC0-301F-11D3-BF4B-00C04F79EFBC}") = "Usuario.Application", "UsuarioService\Usuario.Application\Usuario.Application.csproj", "{E685BC8B-6BC5-48BF-A1DA-392547C27C5C}"
EndProject
Project("{FAE04EC0-301F-11D3-BF4B-00C04F79EFBC}") = "Usuario.Domain", "UsuarioService\Usuario.Domain\Usuario.Domain.csproj", "{94DA6A4B-9D8F-4779-A72F-30B52D0BB893}"
EndProject
Project("{FAE04EC0-301F-11D3-BF4B-00C04F79EFBC}") = "Usuario.Infrastructure", "UsuarioService\Usuario.Infrastructure\Usuario.Infrastructure.csproj", "{FD9C0956-D0A3-4BD7-8BED-7FBE6F68059C}"
EndProject
Project("{2150E333-8FDC-42A3-9474-1A3956D46DE8}") = "Solution Items", "Solution Items", "{F43481EE-3A3E-473A-B09D-830778FC525D}"
	ProjectSection(SolutionItems) = preProject
		docker-compose.yml = docker-compose.yml
	EndProjectSection
EndProject
Project("{FAE04EC0-301F-11D3-BF4B-00C04F79EFBC}") = "Conta.Api", "ContaService\Conta.API\Conta.Api.csproj", "{F0779630-6F74-8AEE-4713-D4F9391FD6B2}"
EndProject
Project("{FAE04EC0-301F-11D3-BF4B-00C04F79EFBC}") = "Transferencia.Api", "TransferenciaService\Transferencia.API\Transferencia.Api.csproj", "{758324ED-981C-5A3D-226A-72C172F0207F}"
EndProject
Project("{FAE04EC0-301F-11D3-BF4B-00C04F79EFBC}") = "Usuario.Api", "UsuarioService\Usuario.API\Usuario.Api.csproj", "{437276AF-6265-10CE-1E5D-36E7F6398881}"
EndProject
Project("{2150E333-8FDC-42A3-9474-1A3956D46DE8}") = "mysql-init", "mysql-init", "{6A6EC21D-1282-4F02-B414-5D7AEF344F36}"
	ProjectSection(SolutionItems) = preProject
		mysql-init\init.sql = mysql-init\init.sql
	EndProjectSection
EndProject
Project("{FAE04EC0-301F-11D3-BF4B-00C04F79EFBC}") = "Conta.Application", "ContaService\Conta.Application\Conta.Application.csproj", "{B5A35A80-E39B-0F67-5748-C43B171C3438}"
EndProject
Global
	GlobalSection(SolutionConfigurationPlatforms) = preSolution
		Debug|Any CPU = Debug|Any CPU
		Debug|x64 = Debug|x64
		Debug|x86 = Debug|x86
		Release|Any CPU = Release|Any CPU
		Release|x64 = Release|x64
		Release|x86 = Release|x86
	EndGlobalSection
	GlobalSection(ProjectConfigurationPlatforms) = postSolution
		{F5C88567-1F2A-45BD-B3E4-838075B8E7D5}.Debug|Any CPU.ActiveCfg = Debug|Any CPU
		{F5C88567-1F2A-45BD-B3E4-838075B8E7D5}.Debug|Any CPU.Build.0 = Debug|Any CPU
		{F5C88567-1F2A-45BD-B3E4-838075B8E7D5}.Debug|x64.ActiveCfg = Debug|Any CPU
		{F5C88567-1F2A-45BD-B3E4-838075B8E7D5}.Debug|x64.Build.0 = Debug|Any CPU
		{F5C88567-1F2A-45BD-B3E4-838075B8E7D5}.Debug|x86.ActiveCfg = Debug|Any CPU
		{F5C88567-1F2A-45BD-B3E4-838075B8E7D5}.Debug|x86.Build.0 = Debug|Any CPU
		{F5C88567-1F2A-45BD-B3E4-838075B8E7D5}.Release|Any CPU.ActiveCfg = Release|Any CPU
		{F5C88567-1F2A-45BD-B3E4-838075B8E7D5}.Release|Any CPU.Build.0 = Release|Any CPU
		{F5C88567-1F2A-45BD-B3E4-838075B8E7D5}.Release|x64.ActiveCfg = Release|Any CPU
		{F5C88567-1F2A-45BD-B3E4-838075B8E7D5}.Release|x64.Build.0 = Release|Any CPU
		{F5C88567-1F2A-45BD-B3E4-838075B8E7D5}.Release|x86.ActiveCfg = Release|Any CPU
		{F5C88567-1F2A-45BD-B3E4-838075B8E7D5}.Release|x86.Build.0 = Release|Any CPU
		{6F3AC373-EDB7-4157-A5D6-976952953584}.Debug|Any CPU.ActiveCfg = Debug|Any CPU
		{6F3AC373-EDB7-4157-A5D6-976952953584}.Debug|Any CPU.Build.0 = Debug|Any CPU
		{6F3AC373-EDB7-4157-A5D6-976952953584}.Debug|x64.ActiveCfg = Debug|Any CPU
		{6F3AC373-EDB7-4157-A5D6-976952953584}.Debug|x64.Build.0 = Debug|Any CPU
		{6F3AC373-EDB7-4157-A5D6-976952953584}.Debug|x86.ActiveCfg = Debug|Any CPU
		{6F3AC373-EDB7-4157-A5D6-976952953584}.Debug|x86.Build.0 = Debug|Any CPU
		{6F3AC373-EDB7-4157-A5D6-976952953584}.Release|Any CPU.ActiveCfg = Release|Any CPU
		{6F3AC373-EDB7-4157-A5D6-976952953584}.Release|Any CPU.Build.0 = Release|Any CPU
		{6F3AC373-EDB7-4157-A5D6-976952953584}.Release|x64.ActiveCfg = Release|Any CPU
		{6F3AC373-EDB7-4157-A5D6-976952953584}.Release|x64.Build.0 = Release|Any CPU
		{6F3AC373-EDB7-4157-A5D6-976952953584}.Release|x86.ActiveCfg = Release|Any CPU
		{6F3AC373-EDB7-4157-A5D6-976952953584}.Release|x86.Build.0 = Release|Any CPU
		{B63D4929-E42A-4064-A6D4-783659DBFA2E}.Debug|Any CPU.ActiveCfg = Debug|Any CPU
		{B63D4929-E42A-4064-A6D4-783659DBFA2E}.Debug|Any CPU.Build.0 = Debug|Any CPU
		{B63D4929-E42A-4064-A6D4-783659DBFA2E}.Debug|x64.ActiveCfg = Debug|Any CPU
		{B63D4929-E42A-4064-A6D4-783659DBFA2E}.Debug|x64.Build.0 = Debug|Any CPU
		{B63D4929-E42A-4064-A6D4-783659DBFA2E}.Debug|x86.ActiveCfg = Debug|Any CPU
		{B63D4929-E42A-4064-A6D4-783659DBFA2E}.Debug|x86.Build.0 = Debug|Any CPU
		{B63D4929-E42A-4064-A6D4-783659DBFA2E}.Release|Any CPU.ActiveCfg = Release|Any CPU
		{B63D4929-E42A-4064-A6D4-783659DBFA2E}.Release|Any CPU.Build.0 = Release|Any CPU
		{B63D4929-E42A-4064-A6D4-783659DBFA2E}.Release|x64.ActiveCfg = Release|Any CPU
		{B63D4929-E42A-4064-A6D4-783659DBFA2E}.Release|x64.Build.0 = Release|Any CPU
		{B63D4929-E42A-4064-A6D4-783659DBFA2E}.Release|x86.ActiveCfg = Release|Any CPU
		{B63D4929-E42A-4064-A6D4-783659DBFA2E}.Release|x86.Build.0 = Release|Any CPU
		{ABB725C2-554A-4291-BDEF-69B60FE5F766}.Debug|Any CPU.ActiveCfg = Debug|Any CPU
		{ABB725C2-554A-4291-BDEF-69B60FE5F766}.Debug|Any CPU.Build.0 = Debug|Any CPU
		{ABB725C2-554A-4291-BDEF-69B60FE5F766}.Debug|x64.ActiveCfg = Debug|Any CPU
		{ABB725C2-554A-4291-BDEF-69B60FE5F766}.Debug|x64.Build.0 = Debug|Any CPU
		{ABB725C2-554A-4291-BDEF-69B60FE5F766}.Debug|x86.ActiveCfg = Debug|Any CPU
		{ABB725C2-554A-4291-BDEF-69B60FE5F766}.Debug|x86.Build.0 = Debug|Any CPU
		{ABB725C2-554A-4291-BDEF-69B60FE5F766}.Release|Any CPU.ActiveCfg = Release|Any CPU
		{ABB725C2-554A-4291-BDEF-69B60FE5F766}.Release|Any CPU.Build.0 = Release|Any CPU
		{ABB725C2-554A-4291-BDEF-69B60FE5F766}.Release|x64.ActiveCfg = Release|Any CPU
		{ABB725C2-554A-4291-BDEF-69B60FE5F766}.Release|x64.Build.0 = Release|Any CPU
		{ABB725C2-554A-4291-BDEF-69B60FE5F766}.Release|x86.ActiveCfg = Release|Any CPU
		{ABB725C2-554A-4291-BDEF-69B60FE5F766}.Release|x86.Build.0 = Release|Any CPU
		{98423A0A-79C3-4E0A-9973-EB17DC893398}.Debug|Any CPU.ActiveCfg = Debug|Any CPU
		{98423A0A-79C3-4E0A-9973-EB17DC893398}.Debug|Any CPU.Build.0 = Debug|Any CPU
		{98423A0A-79C3-4E0A-9973-EB17DC893398}.Debug|x64.ActiveCfg = Debug|Any CPU
		{98423A0A-79C3-4E0A-9973-EB17DC893398}.Debug|x64.Build.0 = Debug|Any CPU
		{98423A0A-79C3-4E0A-9973-EB17DC893398}.Debug|x86.ActiveCfg = Debug|Any CPU
		{98423A0A-79C3-4E0A-9973-EB17DC893398}.Debug|x86.Build.0 = Debug|Any CPU
		{98423A0A-79C3-4E0A-9973-EB17DC893398}.Release|Any CPU.ActiveCfg = Release|Any CPU
		{98423A0A-79C3-4E0A-9973-EB17DC893398}.Release|Any CPU.Build.0 = Release|Any CPU
		{98423A0A-79C3-4E0A-9973-EB17DC893398}.Release|x64.ActiveCfg = Release|Any CPU
		{98423A0A-79C3-4E0A-9973-EB17DC893398}.Release|x64.Build.0 = Release|Any CPU
		{98423A0A-79C3-4E0A-9973-EB17DC893398}.Release|x86.ActiveCfg = Release|Any CPU
		{98423A0A-79C3-4E0A-9973-EB17DC893398}.Release|x86.Build.0 = Release|Any CPU
		{E685BC8B-6BC5-48BF-A1DA-392547C27C5C}.Debug|Any CPU.ActiveCfg = Debug|Any CPU
		{E685BC8B-6BC5-48BF-A1DA-392547C27C5C}.Debug|Any CPU.Build.0 = Debug|Any CPU
		{E685BC8B-6BC5-48BF-A1DA-392547C27C5C}.Debug|x64.ActiveCfg = Debug|Any CPU
		{E685BC8B-6BC5-48BF-A1DA-392547C27C5C}.Debug|x64.Build.0 = Debug|Any CPU
		{E685BC8B-6BC5-48BF-A1DA-392547C27C5C}.Debug|x86.ActiveCfg = Debug|Any CPU
		{E685BC8B-6BC5-48BF-A1DA-392547C27C5C}.Debug|x86.Build.0 = Debug|Any CPU
		{E685BC8B-6BC5-48BF-A1DA-392547C27C5C}.Release|Any CPU.ActiveCfg = Release|Any CPU
		{E685BC8B-6BC5-48BF-A1DA-392547C27C5C}.Release|Any CPU.Build.0 = Release|Any CPU
		{E685BC8B-6BC5-48BF-A1DA-392547C27C5C}.Release|x64.ActiveCfg = Release|Any CPU
		{E685BC8B-6BC5-48BF-A1DA-392547C27C5C}.Release|x64.Build.0 = Release|Any CPU
		{E685BC8B-6BC5-48BF-A1DA-392547C27C5C}.Release|x86.ActiveCfg = Release|Any CPU
		{E685BC8B-6BC5-48BF-A1DA-392547C27C5C}.Release|x86.Build.0 = Release|Any CPU
		{94DA6A4B-9D8F-4779-A72F-30B52D0BB893}.Debug|Any CPU.ActiveCfg = Debug|Any CPU
		{94DA6A4B-9D8F-4779-A72F-30B52D0BB893}.Debug|Any CPU.Build.0 = Debug|Any CPU
		{94DA6A4B-9D8F-4779-A72F-30B52D0BB893}.Debug|x64.ActiveCfg = Debug|Any CPU
		{94DA6A4B-9D8F-4779-A72F-30B52D0BB893}.Debug|x64.Build.0 = Debug|Any CPU
		{94DA6A4B-9D8F-4779-A72F-30B52D0BB893}.Debug|x86.ActiveCfg = Debug|Any CPU
		{94DA6A4B-9D8F-4779-A72F-30B52D0BB893}.Debug|x86.Build.0 = Debug|Any CPU
		{94DA6A4B-9D8F-4779-A72F-30B52D0BB893}.Release|Any CPU.ActiveCfg = Release|Any CPU
		{94DA6A4B-9D8F-4779-A72F-30B52D0BB893}.Release|Any CPU.Build.0 = Release|Any CPU
		{94DA6A4B-9D8F-4779-A72F-30B52D0BB893}.Release|x64.ActiveCfg = Release|Any CPU
		{94DA6A4B-9D8F-4779-A72F-30B52D0BB893}.Release|x64.Build.0 = Release|Any CPU
		{94DA6A4B-9D8F-4779-A72F-30B52D0BB893}.Release|x86.ActiveCfg = Release|Any CPU
		{94DA6A4B-9D8F-4779-A72F-30B52D0BB893}.Release|x86.Build.0 = Release|Any CPU
		{FD9C0956-D0A3-4BD7-8BED-7FBE6F68059C}.Debug|Any CPU.ActiveCfg = Debug|Any CPU
		{FD9C0956-D0A3-4BD7-8BED-7FBE6F68059C}.Debug|Any CPU.Build.0 = Debug|Any CPU
		{FD9C0956-D0A3-4BD7-8BED-7FBE6F68059C}.Debug|x64.ActiveCfg = Debug|Any CPU
		{FD9C0956-D0A3-4BD7-8BED-7FBE6F68059C}.Debug|x64.Build.0 = Debug|Any CPU
		{FD9C0956-D0A3-4BD7-8BED-7FBE6F68059C}.Debug|x86.ActiveCfg = Debug|Any CPU
		{FD9C0956-D0A3-4BD7-8BED-7FBE6F68059C}.Debug|x86.Build.0 = Debug|Any CPU
		{FD9C0956-D0A3-4BD7-8BED-7FBE6F68059C}.Release|Any CPU.ActiveCfg = Release|Any CPU
		{FD9C0956-D0A3-4BD7-8BED-7FBE6F68059C}.Release|Any CPU.Build.0 = Release|Any CPU
		{FD9C0956-D0A3-4BD7-8BED-7FBE6F68059C}.Release|x64.ActiveCfg = Release|Any CPU
		{FD9C0956-D0A3-4BD7-8BED-7FBE6F68059C}.Release|x64.Build.0 = Release|Any CPU
		{FD9C0956-D0A3-4BD7-8BED-7FBE6F68059C}.Release|x86.ActiveCfg = Release|Any CPU
		{FD9C0956-D0A3-4BD7-8BED-7FBE6F68059C}.Release|x86.Build.0 = Release|Any CPU
		{F0779630-6F74-8AEE-4713-D4F9391FD6B2}.Debug|Any CPU.ActiveCfg = Debug|Any CPU
		{F0779630-6F74-8AEE-4713-D4F9391FD6B2}.Debug|Any CPU.Build.0 = Debug|Any CPU
		{F0779630-6F74-8AEE-4713-D4F9391FD6B2}.Debug|x64.ActiveCfg = Debug|Any CPU
		{F0779630-6F74-8AEE-4713-D4F9391FD6B2}.Debug|x64.Build.0 = Debug|Any CPU
		{F0779630-6F74-8AEE-4713-D4F9391FD6B2}.Debug|x86.ActiveCfg = Debug|Any CPU
		{F0779630-6F74-8AEE-4713-D4F9391FD6B2}.Debug|x86.Build.0 = Debug|Any CPU
		{F0779630-6F74-8AEE-4713-D4F9391FD6B2}.Release|Any CPU.ActiveCfg = Release|Any CPU
		{F0779630-6F74-8AEE-4713-D4F9391FD6B2}.Release|Any CPU.Build.0 = Release|Any CPU
		{F0779630-6F74-8AEE-4713-D4F9391FD6B2}.Release|x64.ActiveCfg = Release|Any CPU
		{F0779630-6F74-8AEE-4713-D4F9391FD6B2}.Release|x64.Build.0 = Release|Any CPU
		{F0779630-6F74-8AEE-4713-D4F9391FD6B2}.Release|x86.ActiveCfg = Release|Any CPU
		{F0779630-6F74-8AEE-4713-D4F9391FD6B2}.Release|x86.Build.0 = Release|Any CPU
		{758324ED-981C-5A3D-226A-72C172F0207F}.Debug|Any CPU.ActiveCfg = Debug|Any CPU
		{758324ED-981C-5A3D-226A-72C172F0207F}.Debug|Any CPU.Build.0 = Debug|Any CPU
		{758324ED-981C-5A3D-226A-72C172F0207F}.Debug|x64.ActiveCfg = Debug|Any CPU
		{758324ED-981C-5A3D-226A-72C172F0207F}.Debug|x64.Build.0 = Debug|Any CPU
		{758324ED-981C-5A3D-226A-72C172F0207F}.Debug|x86.ActiveCfg = Debug|Any CPU
		{758324ED-981C-5A3D-226A-72C172F0207F}.Debug|x86.Build.0 = Debug|Any CPU
		{758324ED-981C-5A3D-226A-72C172F0207F}.Release|Any CPU.ActiveCfg = Release|Any CPU
		{758324ED-981C-5A3D-226A-72C172F0207F}.Release|Any CPU.Build.0 = Release|Any CPU
		{758324ED-981C-5A3D-226A-72C172F0207F}.Release|x64.ActiveCfg = Release|Any CPU
		{758324ED-981C-5A3D-226A-72C172F0207F}.Release|x64.Build.0 = Release|Any CPU
		{758324ED-981C-5A3D-226A-72C172F0207F}.Release|x86.ActiveCfg = Release|Any CPU
		{758324ED-981C-5A3D-226A-72C172F0207F}.Release|x86.Build.0 = Release|Any CPU
		{437276AF-6265-10CE-1E5D-36E7F6398881}.Debug|Any CPU.ActiveCfg = Debug|Any CPU
		{437276AF-6265-10CE-1E5D-36E7F6398881}.Debug|Any CPU.Build.0 = Debug|Any CPU
		{437276AF-6265-10CE-1E5D-36E7F6398881}.Debug|x64.ActiveCfg = Debug|Any CPU
		{437276AF-6265-10CE-1E5D-36E7F6398881}.Debug|x64.Build.0 = Debug|Any CPU
		{437276AF-6265-10CE-1E5D-36E7F6398881}.Debug|x86.ActiveCfg = Debug|Any CPU
		{437276AF-6265-10CE-1E5D-36E7F6398881}.Debug|x86.Build.0 = Debug|Any CPU
		{437276AF-6265-10CE-1E5D-36E7F6398881}.Release|Any CPU.ActiveCfg = Release|Any CPU
		{437276AF-6265-10CE-1E5D-36E7F6398881}.Release|Any CPU.Build.0 = Release|Any CPU
		{437276AF-6265-10CE-1E5D-36E7F6398881}.Release|x64.ActiveCfg = Release|Any CPU
		{437276AF-6265-10CE-1E5D-36E7F6398881}.Release|x64.Build.0 = Release|Any CPU
		{437276AF-6265-10CE-1E5D-36E7F6398881}.Release|x86.ActiveCfg = Release|Any CPU
		{437276AF-6265-10CE-1E5D-36E7F6398881}.Release|x86.Build.0 = Release|Any CPU
		{B5A35A80-E39B-0F67-5748-C43B171C3438}.Debug|Any CPU.ActiveCfg = Debug|Any CPU
		{B5A35A80-E39B-0F67-5748-C43B171C3438}.Debug|Any CPU.Build.0 = Debug|Any CPU
		{B5A35A80-E39B-0F67-5748-C43B171C3438}.Debug|x64.ActiveCfg = Debug|Any CPU
		{B5A35A80-E39B-0F67-5748-C43B171C3438}.Debug|x64.Build.0 = Debug|Any CPU
		{B5A35A80-E39B-0F67-5748-C43B171C3438}.Debug|x86.ActiveCfg = Debug|Any CPU
		{B5A35A80-E39B-0F67-5748-C43B171C3438}.Debug|x86.Build.0 = Debug|Any CPU
		{B5A35A80-E39B-0F67-5748-C43B171C3438}.Release|Any CPU.ActiveCfg = Release|Any CPU
		{B5A35A80-E39B-0F67-5748-C43B171C3438}.Release|Any CPU.Build.0 = Release|Any CPU
		{B5A35A80-E39B-0F67-5748-C43B171C3438}.Release|x64.ActiveCfg = Release|Any CPU
		{B5A35A80-E39B-0F67-5748-C43B171C3438}.Release|x64.Build.0 = Release|Any CPU
		{B5A35A80-E39B-0F67-5748-C43B171C3438}.Release|x86.ActiveCfg = Release|Any CPU
		{B5A35A80-E39B-0F67-5748-C43B171C3438}.Release|x86.Build.0 = Release|Any CPU
	EndGlobalSection
	GlobalSection(SolutionProperties) = preSolution
		HideSolutionNode = FALSE
	EndGlobalSection
	GlobalSection(NestedProjects) = preSolution
		{F5C88567-1F2A-45BD-B3E4-838075B8E7D5} = {F5BE534D-44E4-D8B6-B86E-8B018C1927A2}
		{6F3AC373-EDB7-4157-A5D6-976952953584} = {F5BE534D-44E4-D8B6-B86E-8B018C1927A2}
		{B63D4929-E42A-4064-A6D4-783659DBFA2E} = {C6C00C93-5B2D-AFFB-AD12-7F51A81ADE04}
		{ABB725C2-554A-4291-BDEF-69B60FE5F766} = {C6C00C93-5B2D-AFFB-AD12-7F51A81ADE04}
		{98423A0A-79C3-4E0A-9973-EB17DC893398} = {C6C00C93-5B2D-AFFB-AD12-7F51A81ADE04}
		{E685BC8B-6BC5-48BF-A1DA-392547C27C5C} = {F37540AC-5D49-F9C1-EE06-770AC84CD89A}
		{94DA6A4B-9D8F-4779-A72F-30B52D0BB893} = {F37540AC-5D49-F9C1-EE06-770AC84CD89A}
		{FD9C0956-D0A3-4BD7-8BED-7FBE6F68059C} = {F37540AC-5D49-F9C1-EE06-770AC84CD89A}
		{F0779630-6F74-8AEE-4713-D4F9391FD6B2} = {F5BE534D-44E4-D8B6-B86E-8B018C1927A2}
		{758324ED-981C-5A3D-226A-72C172F0207F} = {C6C00C93-5B2D-AFFB-AD12-7F51A81ADE04}
		{437276AF-6265-10CE-1E5D-36E7F6398881} = {F37540AC-5D49-F9C1-EE06-770AC84CD89A}
		{6A6EC21D-1282-4F02-B414-5D7AEF344F36} = {F43481EE-3A3E-473A-B09D-830778FC525D}
		{B5A35A80-E39B-0F67-5748-C43B171C3438} = {F5BE534D-44E4-D8B6-B86E-8B018C1927A2}
	EndGlobalSection
	GlobalSection(ExtensibilityGlobals) = postSolution
		SolutionGuid = {DF81087F-A759-48C6-B30C-DFA305A40328}
	EndGlobalSection
EndGlobal
